// !$*UTF8*$!
{
	archiveVersion = 1;
	classes = {
	};
	objectVersion = 50;
	objects = {

/* Begin PBXBuildFile section */
		470595F320F4413F004C6543 /* BNCSQLiteORMDeleteUnitTest.m in Sources */ = {isa = PBXBuildFile; fileRef = 470595F220F4413F004C6543 /* BNCSQLiteORMDeleteUnitTest.m */; };
		470595F520F4442E004C6543 /* libsqlite3.tbd in Frameworks */ = {isa = PBXBuildFile; fileRef = 470595F420F4442E004C6543 /* libsqlite3.tbd */; };
		47179F6B20EE574600D11C74 /* BNCSQLiteORMFindGeneralUnitTest.m in Sources */ = {isa = PBXBuildFile; fileRef = 47179F6A20EE574600D11C74 /* BNCSQLiteORMFindGeneralUnitTest.m */; };
		47179F6D20EE593600D11C74 /* BNCSQLiteORMFindWithSingleConditionUnitTest.m in Sources */ = {isa = PBXBuildFile; fileRef = 47179F6C20EE593600D11C74 /* BNCSQLiteORMFindWithSingleConditionUnitTest.m */; };
		47179F8720EF97D500D11C74 /* BNCSQLiteORMFindWithMulitConditionUnitTest.m in Sources */ = {isa = PBXBuildFile; fileRef = 47179F8620EF97D500D11C74 /* BNCSQLiteORMFindWithMulitConditionUnitTest.m */; };
		47584C0020E6817000173F5F /* BNCSQLite.framework in Frameworks */ = {isa = PBXBuildFile; fileRef = 47584BF620E6817000173F5F /* BNCSQLite.framework */; };
		47584C0720E6817000173F5F /* BNCSQLite.h in Headers */ = {isa = PBXBuildFile; fileRef = 47584BF920E6817000173F5F /* BNCSQLite.h */; settings = {ATTRIBUTES = (Public, ); }; };
		47584C1520E6825400173F5F /* BNCSQLiteDatabase.h in Headers */ = {isa = PBXBuildFile; fileRef = 47584C1320E6825400173F5F /* BNCSQLiteDatabase.h */; settings = {ATTRIBUTES = (Public, ); }; };
		47584C1620E6825400173F5F /* BNCSQLiteDatabase.m in Sources */ = {isa = PBXBuildFile; fileRef = 47584C1420E6825400173F5F /* BNCSQLiteDatabase.m */; };
		47584C1A20E8A32A00173F5F /* BNCSQLiteDatabaseStatement.h in Headers */ = {isa = PBXBuildFile; fileRef = 47584C1820E8A32A00173F5F /* BNCSQLiteDatabaseStatement.h */; settings = {ATTRIBUTES = (Public, ); }; };
		47584C1B20E8A32A00173F5F /* BNCSQLiteDatabaseStatement.m in Sources */ = {isa = PBXBuildFile; fileRef = 47584C1920E8A32A00173F5F /* BNCSQLiteDatabaseStatement.m */; };
		47584C2220E8EA6400173F5F /* BNCSQLiteDatabaseStatement+Bind.h in Headers */ = {isa = PBXBuildFile; fileRef = 47584C2020E8EA6400173F5F /* BNCSQLiteDatabaseStatement+Bind.h */; settings = {ATTRIBUTES = (Public, ); }; };
		47584C2320E8EA6400173F5F /* BNCSQLiteDatabaseStatement+Bind.m in Sources */ = {isa = PBXBuildFile; fileRef = 47584C2120E8EA6400173F5F /* BNCSQLiteDatabaseStatement+Bind.m */; };
		47584C2620E8EA7200173F5F /* BNCSQLiteDatabaseStatement+Take.h in Headers */ = {isa = PBXBuildFile; fileRef = 47584C2420E8EA7200173F5F /* BNCSQLiteDatabaseStatement+Take.h */; settings = {ATTRIBUTES = (Public, ); }; };
		47584C2720E8EA7200173F5F /* BNCSQLiteDatabaseStatement+Take.m in Sources */ = {isa = PBXBuildFile; fileRef = 47584C2520E8EA7200173F5F /* BNCSQLiteDatabaseStatement+Take.m */; };
		47584C2E20E926DE00173F5F /* BNCSQLiteDatabaseInfoProtocol.h in Headers */ = {isa = PBXBuildFile; fileRef = 47584C2D20E926DE00173F5F /* BNCSQLiteDatabaseInfoProtocol.h */; settings = {ATTRIBUTES = (Public, ); }; };
		47584C3020E9274600173F5F /* BNCSQLiteMigratorProtocol.h in Headers */ = {isa = PBXBuildFile; fileRef = 47584C2F20E9274600173F5F /* BNCSQLiteMigratorProtocol.h */; settings = {ATTRIBUTES = (Public, ); }; };
		47584C3220E928D200173F5F /* BNCSQLiteTableProtocol.h in Headers */ = {isa = PBXBuildFile; fileRef = 47584C3120E928D200173F5F /* BNCSQLiteTableProtocol.h */; settings = {ATTRIBUTES = (Public, ); }; };
		47584C3420E928EA00173F5F /* BNCSQLiteTableColumnProtocol.h in Headers */ = {isa = PBXBuildFile; fileRef = 47584C3320E928EA00173F5F /* BNCSQLiteTableColumnProtocol.h */; settings = {ATTRIBUTES = (Public, ); }; };
		47584C3720E9299B00173F5F /* BNCSQLiteDatabasePool.h in Headers */ = {isa = PBXBuildFile; fileRef = 47584C3520E9299B00173F5F /* BNCSQLiteDatabasePool.h */; settings = {ATTRIBUTES = (Public, ); }; };
		47584C3820E9299B00173F5F /* BNCSQLiteDatabasePool.m in Sources */ = {isa = PBXBuildFile; fileRef = 47584C3620E9299B00173F5F /* BNCSQLiteDatabasePool.m */; };
		47584C3C20E92C1400173F5F /* BNCSQLiteSafeCache.h in Headers */ = {isa = PBXBuildFile; fileRef = 47584C3A20E92C1400173F5F /* BNCSQLiteSafeCache.h */; settings = {ATTRIBUTES = (Public, ); }; };
		47584C3D20E92C1400173F5F /* BNCSQLiteSafeCache.m in Sources */ = {isa = PBXBuildFile; fileRef = 47584C3B20E92C1400173F5F /* BNCSQLiteSafeCache.m */; };
		47584C3F20E9317700173F5F /* BNCSQLiteRecordProtocol.h in Headers */ = {isa = PBXBuildFile; fileRef = 47584C3E20E9317700173F5F /* BNCSQLiteRecordProtocol.h */; settings = {ATTRIBUTES = (Public, ); }; };
		47584C5820E9C0C500173F5F /* BNCSQLiteTable.h in Headers */ = {isa = PBXBuildFile; fileRef = 47584C5620E9C0C500173F5F /* BNCSQLiteTable.h */; settings = {ATTRIBUTES = (Public, ); }; };
		47584C5920E9C0C500173F5F /* BNCSQLiteTable.m in Sources */ = {isa = PBXBuildFile; fileRef = 47584C5720E9C0C500173F5F /* BNCSQLiteTable.m */; };
		47584C5D20E9CC5000173F5F /* BNCSQLiteTableColumn.h in Headers */ = {isa = PBXBuildFile; fileRef = 47584C5B20E9CC5000173F5F /* BNCSQLiteTableColumn.h */; settings = {ATTRIBUTES = (Public, ); }; };
		47584C5E20E9CC5000173F5F /* BNCSQLiteTableColumn.m in Sources */ = {isa = PBXBuildFile; fileRef = 47584C5C20E9CC5000173F5F /* BNCSQLiteTableColumn.m */; };
		47584C6120E9CF7A00173F5F /* BNCSQLiteCoreTest.m in Sources */ = {isa = PBXBuildFile; fileRef = 47584C6020E9CF7A00173F5F /* BNCSQLiteCoreTest.m */; };
		47584C6D20E9FFF900173F5F /* NSString+BNCSQLiteSchema.h in Headers */ = {isa = PBXBuildFile; fileRef = 47584C6B20E9FFF900173F5F /* NSString+BNCSQLiteSchema.h */; settings = {ATTRIBUTES = (Public, ); }; };
		47584C6E20E9FFF900173F5F /* NSString+BNCSQLiteSchema.m in Sources */ = {isa = PBXBuildFile; fileRef = 47584C6C20E9FFF900173F5F /* NSString+BNCSQLiteSchema.m */; };
		47584C7520EA066300173F5F /* BNCSQLiteTestRecord.m in Sources */ = {isa = PBXBuildFile; fileRef = 47584C7420EA066300173F5F /* BNCSQLiteTestRecord.m */; };
		47584C7820EA067E00173F5F /* BNCSQLiteTestTable.m in Sources */ = {isa = PBXBuildFile; fileRef = 47584C7720EA067E00173F5F /* BNCSQLiteTestTable.m */; };
		47584C7B20EA075E00173F5F /* BNCSQLiteTestDatabase.m in Sources */ = {isa = PBXBuildFile; fileRef = 47584C7A20EA075E00173F5F /* BNCSQLiteTestDatabase.m */; };
		4765752C20EDF21700315CF3 /* BNCSQLiteORMFindWithConditionUnitTest.m in Sources */ = {isa = PBXBuildFile; fileRef = 4765752B20EDF21700315CF3 /* BNCSQLiteORMFindWithConditionUnitTest.m */; };
		476F906B20EB0C2400718E1E /* BNCSQLiteTableColumnIndexProtocol.h in Headers */ = {isa = PBXBuildFile; fileRef = 476F906A20EB0C2400718E1E /* BNCSQLiteTableColumnIndexProtocol.h */; settings = {ATTRIBUTES = (Public, ); }; };
		476F906E20EB0F7900718E1E /* BNCSQLiteTableColumnIndex.h in Headers */ = {isa = PBXBuildFile; fileRef = 476F906C20EB0F7900718E1E /* BNCSQLiteTableColumnIndex.h */; settings = {ATTRIBUTES = (Public, ); }; };
		476F906F20EB0F7900718E1E /* BNCSQLiteTableColumnIndex.m in Sources */ = {isa = PBXBuildFile; fileRef = 476F906D20EB0F7900718E1E /* BNCSQLiteTableColumnIndex.m */; };
		476F907A20EB64D500718E1E /* BNCSQLiteDatabaseConfig+InfoProtocol.h in Headers */ = {isa = PBXBuildFile; fileRef = 476F907820EB64D500718E1E /* BNCSQLiteDatabaseConfig+InfoProtocol.h */; settings = {ATTRIBUTES = (Public, ); }; };
		476F907B20EB64D500718E1E /* BNCSQLiteDatabaseConfig+InfoProtocol.m in Sources */ = {isa = PBXBuildFile; fileRef = 476F907920EB64D500718E1E /* BNCSQLiteDatabaseConfig+InfoProtocol.m */; };
		476F907F20EB69B100718E1E /* BNCSQLiteMigrationStepProtocol.h in Headers */ = {isa = PBXBuildFile; fileRef = 476F907E20EB69B100718E1E /* BNCSQLiteMigrationStepProtocol.h */; settings = {ATTRIBUTES = (Public, ); }; };
		476F908220EB757D00718E1E /* BNCSQLiteDatabaseConfig.m in Sources */ = {isa = PBXBuildFile; fileRef = 476F908020EB757C00718E1E /* BNCSQLiteDatabaseConfig.m */; };
		476F908320EB757D00718E1E /* BNCSQLiteDatabaseConfig.h in Headers */ = {isa = PBXBuildFile; fileRef = 476F908120EB757D00718E1E /* BNCSQLiteDatabaseConfig.h */; settings = {ATTRIBUTES = (Public, ); }; };
		476F909020EBABC600718E1E /* BNCSQLiteTable+Insert.h in Headers */ = {isa = PBXBuildFile; fileRef = 476F908E20EBABC600718E1E /* BNCSQLiteTable+Insert.h */; settings = {ATTRIBUTES = (Public, ); }; };
		476F909120EBABC600718E1E /* BNCSQLiteTable+Insert.m in Sources */ = {isa = PBXBuildFile; fileRef = 476F908F20EBABC600718E1E /* BNCSQLiteTable+Insert.m */; };
		476F909420EBABEE00718E1E /* BNCSQLiteTable+Delete.h in Headers */ = {isa = PBXBuildFile; fileRef = 476F909220EBABEE00718E1E /* BNCSQLiteTable+Delete.h */; settings = {ATTRIBUTES = (Public, ); }; };
		476F909520EBABEE00718E1E /* BNCSQLiteTable+Delete.m in Sources */ = {isa = PBXBuildFile; fileRef = 476F909320EBABEE00718E1E /* BNCSQLiteTable+Delete.m */; };
		476F909820EBABF800718E1E /* BNCSQLiteTable+Update.h in Headers */ = {isa = PBXBuildFile; fileRef = 476F909620EBABF800718E1E /* BNCSQLiteTable+Update.h */; settings = {ATTRIBUTES = (Public, ); }; };
		476F909920EBABF800718E1E /* BNCSQLiteTable+Update.m in Sources */ = {isa = PBXBuildFile; fileRef = 476F909720EBABF800718E1E /* BNCSQLiteTable+Update.m */; };
		476F909C20EBAC0200718E1E /* BNCSQLiteTable+Find.h in Headers */ = {isa = PBXBuildFile; fileRef = 476F909A20EBAC0200718E1E /* BNCSQLiteTable+Find.h */; settings = {ATTRIBUTES = (Public, ); }; };
		476F909D20EBAC0200718E1E /* BNCSQLiteTable+Find.m in Sources */ = {isa = PBXBuildFile; fileRef = 476F909B20EBAC0200718E1E /* BNCSQLiteTable+Find.m */; };
		476F90A020EBBC0800718E1E /* BNCSQLiteRecord.h in Headers */ = {isa = PBXBuildFile; fileRef = 476F909E20EBBC0800718E1E /* BNCSQLiteRecord.h */; settings = {ATTRIBUTES = (Public, ); }; };
		476F90A120EBBC0800718E1E /* BNCSQLiteRecord.m in Sources */ = {isa = PBXBuildFile; fileRef = 476F909F20EBBC0800718E1E /* BNCSQLiteRecord.m */; };
		47F84F8820F353BF009C8BE5 /* BNCSQLiteORMInsertUnitTest.m in Sources */ = {isa = PBXBuildFile; fileRef = 47F84F8720F353BF009C8BE5 /* BNCSQLiteORMInsertUnitTest.m */; };
/* End PBXBuildFile section */

/* Begin PBXContainerItemProxy section */
		47584C0120E6817000173F5F /* PBXContainerItemProxy */ = {
			isa = PBXContainerItemProxy;
			containerPortal = 47584BED20E6817000173F5F /* Project object */;
			proxyType = 1;
			remoteGlobalIDString = 47584BF520E6817000173F5F;
			remoteInfo = BNCSQLite;
		};
/* End PBXContainerItemProxy section */

/* Begin PBXFileReference section */
		470595F220F4413F004C6543 /* BNCSQLiteORMDeleteUnitTest.m */ = {isa = PBXFileReference; lastKnownFileType = sourcecode.c.objc; path = BNCSQLiteORMDeleteUnitTest.m; sourceTree = "<group>"; };
		470595F420F4442E004C6543 /* libsqlite3.tbd */ = {isa = PBXFileReference; lastKnownFileType = "sourcecode.text-based-dylib-definition"; name = libsqlite3.tbd; path = usr/lib/libsqlite3.tbd; sourceTree = SDKROOT; };
		47179F6A20EE574600D11C74 /* BNCSQLiteORMFindGeneralUnitTest.m */ = {isa = PBXFileReference; lastKnownFileType = sourcecode.c.objc; path = BNCSQLiteORMFindGeneralUnitTest.m; sourceTree = "<group>"; };
		47179F6C20EE593600D11C74 /* BNCSQLiteORMFindWithSingleConditionUnitTest.m */ = {isa = PBXFileReference; lastKnownFileType = sourcecode.c.objc; path = BNCSQLiteORMFindWithSingleConditionUnitTest.m; sourceTree = "<group>"; };
		47179F8620EF97D500D11C74 /* BNCSQLiteORMFindWithMulitConditionUnitTest.m */ = {isa = PBXFileReference; lastKnownFileType = sourcecode.c.objc; path = BNCSQLiteORMFindWithMulitConditionUnitTest.m; sourceTree = "<group>"; };
		47584BF620E6817000173F5F /* BNCSQLite.framework */ = {isa = PBXFileReference; explicitFileType = wrapper.framework; includeInIndex = 0; path = BNCSQLite.framework; sourceTree = BUILT_PRODUCTS_DIR; };
		47584BF920E6817000173F5F /* BNCSQLite.h */ = {isa = PBXFileReference; lastKnownFileType = sourcecode.c.h; path = BNCSQLite.h; sourceTree = "<group>"; };
		47584BFA20E6817000173F5F /* Info.plist */ = {isa = PBXFileReference; lastKnownFileType = text.plist.xml; path = Info.plist; sourceTree = "<group>"; };
		47584BFF20E6817000173F5F /* BNCSQLiteTests.xctest */ = {isa = PBXFileReference; explicitFileType = wrapper.cfbundle; includeInIndex = 0; path = BNCSQLiteTests.xctest; sourceTree = BUILT_PRODUCTS_DIR; };
		47584C0620E6817000173F5F /* Info.plist */ = {isa = PBXFileReference; lastKnownFileType = text.plist.xml; path = Info.plist; sourceTree = "<group>"; };
		47584C1320E6825400173F5F /* BNCSQLiteDatabase.h */ = {isa = PBXFileReference; lastKnownFileType = sourcecode.c.h; path = BNCSQLiteDatabase.h; sourceTree = "<group>"; };
		47584C1420E6825400173F5F /* BNCSQLiteDatabase.m */ = {isa = PBXFileReference; lastKnownFileType = sourcecode.c.objc; path = BNCSQLiteDatabase.m; sourceTree = "<group>"; };
		47584C1820E8A32A00173F5F /* BNCSQLiteDatabaseStatement.h */ = {isa = PBXFileReference; lastKnownFileType = sourcecode.c.h; path = BNCSQLiteDatabaseStatement.h; sourceTree = "<group>"; };
		47584C1920E8A32A00173F5F /* BNCSQLiteDatabaseStatement.m */ = {isa = PBXFileReference; lastKnownFileType = sourcecode.c.objc; path = BNCSQLiteDatabaseStatement.m; sourceTree = "<group>"; };
		47584C2020E8EA6400173F5F /* BNCSQLiteDatabaseStatement+Bind.h */ = {isa = PBXFileReference; lastKnownFileType = sourcecode.c.h; path = "BNCSQLiteDatabaseStatement+Bind.h"; sourceTree = "<group>"; };
		47584C2120E8EA6400173F5F /* BNCSQLiteDatabaseStatement+Bind.m */ = {isa = PBXFileReference; lastKnownFileType = sourcecode.c.objc; path = "BNCSQLiteDatabaseStatement+Bind.m"; sourceTree = "<group>"; };
		47584C2420E8EA7200173F5F /* BNCSQLiteDatabaseStatement+Take.h */ = {isa = PBXFileReference; lastKnownFileType = sourcecode.c.h; path = "BNCSQLiteDatabaseStatement+Take.h"; sourceTree = "<group>"; };
		47584C2520E8EA7200173F5F /* BNCSQLiteDatabaseStatement+Take.m */ = {isa = PBXFileReference; lastKnownFileType = sourcecode.c.objc; path = "BNCSQLiteDatabaseStatement+Take.m"; sourceTree = "<group>"; };
		47584C2D20E926DE00173F5F /* BNCSQLiteDatabaseInfoProtocol.h */ = {isa = PBXFileReference; lastKnownFileType = sourcecode.c.h; path = BNCSQLiteDatabaseInfoProtocol.h; sourceTree = "<group>"; };
		47584C2F20E9274600173F5F /* BNCSQLiteMigratorProtocol.h */ = {isa = PBXFileReference; lastKnownFileType = sourcecode.c.h; path = BNCSQLiteMigratorProtocol.h; sourceTree = "<group>"; };
		47584C3120E928D200173F5F /* BNCSQLiteTableProtocol.h */ = {isa = PBXFileReference; lastKnownFileType = sourcecode.c.h; path = BNCSQLiteTableProtocol.h; sourceTree = "<group>"; };
		47584C3320E928EA00173F5F /* BNCSQLiteTableColumnProtocol.h */ = {isa = PBXFileReference; lastKnownFileType = sourcecode.c.h; path = BNCSQLiteTableColumnProtocol.h; sourceTree = "<group>"; };
		47584C3520E9299B00173F5F /* BNCSQLiteDatabasePool.h */ = {isa = PBXFileReference; lastKnownFileType = sourcecode.c.h; path = BNCSQLiteDatabasePool.h; sourceTree = "<group>"; };
		47584C3620E9299B00173F5F /* BNCSQLiteDatabasePool.m */ = {isa = PBXFileReference; lastKnownFileType = sourcecode.c.objc; path = BNCSQLiteDatabasePool.m; sourceTree = "<group>"; };
		47584C3A20E92C1400173F5F /* BNCSQLiteSafeCache.h */ = {isa = PBXFileReference; lastKnownFileType = sourcecode.c.h; path = BNCSQLiteSafeCache.h; sourceTree = "<group>"; };
		47584C3B20E92C1400173F5F /* BNCSQLiteSafeCache.m */ = {isa = PBXFileReference; lastKnownFileType = sourcecode.c.objc; path = BNCSQLiteSafeCache.m; sourceTree = "<group>"; };
		47584C3E20E9317700173F5F /* BNCSQLiteRecordProtocol.h */ = {isa = PBXFileReference; lastKnownFileType = sourcecode.c.h; path = BNCSQLiteRecordProtocol.h; sourceTree = "<group>"; };
		47584C5620E9C0C500173F5F /* BNCSQLiteTable.h */ = {isa = PBXFileReference; lastKnownFileType = sourcecode.c.h; path = BNCSQLiteTable.h; sourceTree = "<group>"; };
		47584C5720E9C0C500173F5F /* BNCSQLiteTable.m */ = {isa = PBXFileReference; lastKnownFileType = sourcecode.c.objc; path = BNCSQLiteTable.m; sourceTree = "<group>"; };
		47584C5B20E9CC5000173F5F /* BNCSQLiteTableColumn.h */ = {isa = PBXFileReference; lastKnownFileType = sourcecode.c.h; path = BNCSQLiteTableColumn.h; sourceTree = "<group>"; };
		47584C5C20E9CC5000173F5F /* BNCSQLiteTableColumn.m */ = {isa = PBXFileReference; lastKnownFileType = sourcecode.c.objc; path = BNCSQLiteTableColumn.m; sourceTree = "<group>"; };
		47584C6020E9CF7A00173F5F /* BNCSQLiteCoreTest.m */ = {isa = PBXFileReference; lastKnownFileType = sourcecode.c.objc; path = BNCSQLiteCoreTest.m; sourceTree = "<group>"; };
		47584C6B20E9FFF900173F5F /* NSString+BNCSQLiteSchema.h */ = {isa = PBXFileReference; lastKnownFileType = sourcecode.c.h; path = "NSString+BNCSQLiteSchema.h"; sourceTree = "<group>"; };
		47584C6C20E9FFF900173F5F /* NSString+BNCSQLiteSchema.m */ = {isa = PBXFileReference; lastKnownFileType = sourcecode.c.objc; path = "NSString+BNCSQLiteSchema.m"; sourceTree = "<group>"; };
		47584C7320EA066300173F5F /* BNCSQLiteTestRecord.h */ = {isa = PBXFileReference; lastKnownFileType = sourcecode.c.h; path = BNCSQLiteTestRecord.h; sourceTree = "<group>"; };
		47584C7420EA066300173F5F /* BNCSQLiteTestRecord.m */ = {isa = PBXFileReference; lastKnownFileType = sourcecode.c.objc; path = BNCSQLiteTestRecord.m; sourceTree = "<group>"; };
		47584C7620EA067D00173F5F /* BNCSQLiteTestTable.h */ = {isa = PBXFileReference; lastKnownFileType = sourcecode.c.h; path = BNCSQLiteTestTable.h; sourceTree = "<group>"; };
		47584C7720EA067E00173F5F /* BNCSQLiteTestTable.m */ = {isa = PBXFileReference; lastKnownFileType = sourcecode.c.objc; path = BNCSQLiteTestTable.m; sourceTree = "<group>"; };
		47584C7920EA075E00173F5F /* BNCSQLiteTestDatabase.h */ = {isa = PBXFileReference; lastKnownFileType = sourcecode.c.h; path = BNCSQLiteTestDatabase.h; sourceTree = "<group>"; };
		47584C7A20EA075E00173F5F /* BNCSQLiteTestDatabase.m */ = {isa = PBXFileReference; lastKnownFileType = sourcecode.c.objc; path = BNCSQLiteTestDatabase.m; sourceTree = "<group>"; };
		4765752B20EDF21700315CF3 /* BNCSQLiteORMFindWithConditionUnitTest.m */ = {isa = PBXFileReference; lastKnownFileType = sourcecode.c.objc; path = BNCSQLiteORMFindWithConditionUnitTest.m; sourceTree = "<group>"; };
		476F906A20EB0C2400718E1E /* BNCSQLiteTableColumnIndexProtocol.h */ = {isa = PBXFileReference; lastKnownFileType = sourcecode.c.h; path = BNCSQLiteTableColumnIndexProtocol.h; sourceTree = "<group>"; };
		476F906C20EB0F7900718E1E /* BNCSQLiteTableColumnIndex.h */ = {isa = PBXFileReference; lastKnownFileType = sourcecode.c.h; path = BNCSQLiteTableColumnIndex.h; sourceTree = "<group>"; };
		476F906D20EB0F7900718E1E /* BNCSQLiteTableColumnIndex.m */ = {isa = PBXFileReference; lastKnownFileType = sourcecode.c.objc; path = BNCSQLiteTableColumnIndex.m; sourceTree = "<group>"; };
		476F907820EB64D500718E1E /* BNCSQLiteDatabaseConfig+InfoProtocol.h */ = {isa = PBXFileReference; lastKnownFileType = sourcecode.c.h; path = "BNCSQLiteDatabaseConfig+InfoProtocol.h"; sourceTree = "<group>"; };
		476F907920EB64D500718E1E /* BNCSQLiteDatabaseConfig+InfoProtocol.m */ = {isa = PBXFileReference; lastKnownFileType = sourcecode.c.objc; path = "BNCSQLiteDatabaseConfig+InfoProtocol.m"; sourceTree = "<group>"; };
		476F907E20EB69B100718E1E /* BNCSQLiteMigrationStepProtocol.h */ = {isa = PBXFileReference; lastKnownFileType = sourcecode.c.h; path = BNCSQLiteMigrationStepProtocol.h; sourceTree = "<group>"; };
		476F908020EB757C00718E1E /* BNCSQLiteDatabaseConfig.m */ = {isa = PBXFileReference; fileEncoding = 4; lastKnownFileType = sourcecode.c.objc; path = BNCSQLiteDatabaseConfig.m; sourceTree = "<group>"; };
		476F908120EB757D00718E1E /* BNCSQLiteDatabaseConfig.h */ = {isa = PBXFileReference; fileEncoding = 4; lastKnownFileType = sourcecode.c.h; path = BNCSQLiteDatabaseConfig.h; sourceTree = "<group>"; };
		476F908E20EBABC600718E1E /* BNCSQLiteTable+Insert.h */ = {isa = PBXFileReference; lastKnownFileType = sourcecode.c.h; path = "BNCSQLiteTable+Insert.h"; sourceTree = "<group>"; };
		476F908F20EBABC600718E1E /* BNCSQLiteTable+Insert.m */ = {isa = PBXFileReference; lastKnownFileType = sourcecode.c.objc; path = "BNCSQLiteTable+Insert.m"; sourceTree = "<group>"; };
		476F909220EBABEE00718E1E /* BNCSQLiteTable+Delete.h */ = {isa = PBXFileReference; lastKnownFileType = sourcecode.c.h; path = "BNCSQLiteTable+Delete.h"; sourceTree = "<group>"; };
		476F909320EBABEE00718E1E /* BNCSQLiteTable+Delete.m */ = {isa = PBXFileReference; lastKnownFileType = sourcecode.c.objc; path = "BNCSQLiteTable+Delete.m"; sourceTree = "<group>"; };
		476F909620EBABF800718E1E /* BNCSQLiteTable+Update.h */ = {isa = PBXFileReference; lastKnownFileType = sourcecode.c.h; path = "BNCSQLiteTable+Update.h"; sourceTree = "<group>"; };
		476F909720EBABF800718E1E /* BNCSQLiteTable+Update.m */ = {isa = PBXFileReference; lastKnownFileType = sourcecode.c.objc; path = "BNCSQLiteTable+Update.m"; sourceTree = "<group>"; };
		476F909A20EBAC0200718E1E /* BNCSQLiteTable+Find.h */ = {isa = PBXFileReference; lastKnownFileType = sourcecode.c.h; path = "BNCSQLiteTable+Find.h"; sourceTree = "<group>"; };
		476F909B20EBAC0200718E1E /* BNCSQLiteTable+Find.m */ = {isa = PBXFileReference; lastKnownFileType = sourcecode.c.objc; path = "BNCSQLiteTable+Find.m"; sourceTree = "<group>"; };
		476F909E20EBBC0800718E1E /* BNCSQLiteRecord.h */ = {isa = PBXFileReference; lastKnownFileType = sourcecode.c.h; path = BNCSQLiteRecord.h; sourceTree = "<group>"; };
		476F909F20EBBC0800718E1E /* BNCSQLiteRecord.m */ = {isa = PBXFileReference; lastKnownFileType = sourcecode.c.objc; path = BNCSQLiteRecord.m; sourceTree = "<group>"; };
		47F84F8720F353BF009C8BE5 /* BNCSQLiteORMInsertUnitTest.m */ = {isa = PBXFileReference; lastKnownFileType = sourcecode.c.objc; path = BNCSQLiteORMInsertUnitTest.m; sourceTree = "<group>"; };
/* End PBXFileReference section */

/* Begin PBXFrameworksBuildPhase section */
		47584BF220E6817000173F5F /* Frameworks */ = {
			isa = PBXFrameworksBuildPhase;
			buildActionMask = 2147483647;
			files = (
				470595F520F4442E004C6543 /* libsqlite3.tbd in Frameworks */,
			);
			runOnlyForDeploymentPostprocessing = 0;
		};
		47584BFC20E6817000173F5F /* Frameworks */ = {
			isa = PBXFrameworksBuildPhase;
			buildActionMask = 2147483647;
			files = (
				47584C0020E6817000173F5F /* BNCSQLite.framework in Frameworks */,
			);
			runOnlyForDeploymentPostprocessing = 0;
		};
/* End PBXFrameworksBuildPhase section */

/* Begin PBXGroup section */
		47584BEC20E6817000173F5F = {
			isa = PBXGroup;
			children = (
				47584BF820E6817000173F5F /* BNCSQLite */,
				47584C0320E6817000173F5F /* BNCSQLiteTests */,
				47584BF720E6817000173F5F /* Products */,
				47584C1020E681FE00173F5F /* Frameworks */,
			);
			sourceTree = "<group>";
		};
		47584BF720E6817000173F5F /* Products */ = {
			isa = PBXGroup;
			children = (
				47584BF620E6817000173F5F /* BNCSQLite.framework */,
				47584BFF20E6817000173F5F /* BNCSQLiteTests.xctest */,
			);
			name = Products;
			sourceTree = "<group>";
		};
		47584BF820E6817000173F5F /* BNCSQLite */ = {
			isa = PBXGroup;
			children = (
				47584C6220E9D4A600173F5F /* Categories */,
				47584C3920E92BFE00173F5F /* Helper */,
				47584C2C20E9269D00173F5F /* Migration */,
				47584C2B20E9269700173F5F /* Record */,
				47584C5A20E9CC0D00173F5F /* Column */,
				47584C2A20E9269000173F5F /* Table */,
				47584C2920E9268A00173F5F /* Database */,
				47584C1F20E8EA3D00173F5F /* Core */,
				47584BF920E6817000173F5F /* BNCSQLite.h */,
				47584BFA20E6817000173F5F /* Info.plist */,
			);
			path = BNCSQLite;
			sourceTree = "<group>";
		};
		47584C0320E6817000173F5F /* BNCSQLiteTests */ = {
			isa = PBXGroup;
			children = (
				47584C6F20EA061600173F5F /* ORM */,
				47584C5F20E9CF6700173F5F /* Core */,
				47584C0620E6817000173F5F /* Info.plist */,
			);
			path = BNCSQLiteTests;
			sourceTree = "<group>";
		};
		47584C1020E681FE00173F5F /* Frameworks */ = {
			isa = PBXGroup;
			children = (
				470595F420F4442E004C6543 /* libsqlite3.tbd */,
			);
			name = Frameworks;
			sourceTree = "<group>";
		};
		47584C1F20E8EA3D00173F5F /* Core */ = {
			isa = PBXGroup;
			children = (
				47584C1320E6825400173F5F /* BNCSQLiteDatabase.h */,
				47584C1420E6825400173F5F /* BNCSQLiteDatabase.m */,
				476F908120EB757D00718E1E /* BNCSQLiteDatabaseConfig.h */,
				476F908020EB757C00718E1E /* BNCSQLiteDatabaseConfig.m */,
				47584C1820E8A32A00173F5F /* BNCSQLiteDatabaseStatement.h */,
				47584C1920E8A32A00173F5F /* BNCSQLiteDatabaseStatement.m */,
				47584C2020E8EA6400173F5F /* BNCSQLiteDatabaseStatement+Bind.h */,
				47584C2120E8EA6400173F5F /* BNCSQLiteDatabaseStatement+Bind.m */,
				47584C2420E8EA7200173F5F /* BNCSQLiteDatabaseStatement+Take.h */,
				47584C2520E8EA7200173F5F /* BNCSQLiteDatabaseStatement+Take.m */,
			);
			path = Core;
			sourceTree = "<group>";
		};
		47584C2920E9268A00173F5F /* Database */ = {
			isa = PBXGroup;
			children = (
				47584C2D20E926DE00173F5F /* BNCSQLiteDatabaseInfoProtocol.h */,
				47584C3520E9299B00173F5F /* BNCSQLiteDatabasePool.h */,
				47584C3620E9299B00173F5F /* BNCSQLiteDatabasePool.m */,
				476F907820EB64D500718E1E /* BNCSQLiteDatabaseConfig+InfoProtocol.h */,
				476F907920EB64D500718E1E /* BNCSQLiteDatabaseConfig+InfoProtocol.m */,
			);
			path = Database;
			sourceTree = "<group>";
		};
		47584C2A20E9269000173F5F /* Table */ = {
			isa = PBXGroup;
			children = (
				476F908920EBAB8300718E1E /* Categories */,
				47584C3120E928D200173F5F /* BNCSQLiteTableProtocol.h */,
				47584C5620E9C0C500173F5F /* BNCSQLiteTable.h */,
				47584C5720E9C0C500173F5F /* BNCSQLiteTable.m */,
			);
			path = Table;
			sourceTree = "<group>";
		};
		47584C2B20E9269700173F5F /* Record */ = {
			isa = PBXGroup;
			children = (
				47584C3E20E9317700173F5F /* BNCSQLiteRecordProtocol.h */,
				476F909E20EBBC0800718E1E /* BNCSQLiteRecord.h */,
				476F909F20EBBC0800718E1E /* BNCSQLiteRecord.m */,
			);
			path = Record;
			sourceTree = "<group>";
		};
		47584C2C20E9269D00173F5F /* Migration */ = {
			isa = PBXGroup;
			children = (
				47584C2F20E9274600173F5F /* BNCSQLiteMigratorProtocol.h */,
				476F907E20EB69B100718E1E /* BNCSQLiteMigrationStepProtocol.h */,
			);
			path = Migration;
			sourceTree = "<group>";
		};
		47584C3920E92BFE00173F5F /* Helper */ = {
			isa = PBXGroup;
			children = (
				47584C3A20E92C1400173F5F /* BNCSQLiteSafeCache.h */,
				47584C3B20E92C1400173F5F /* BNCSQLiteSafeCache.m */,
			);
			path = Helper;
			sourceTree = "<group>";
		};
		47584C5A20E9CC0D00173F5F /* Column */ = {
			isa = PBXGroup;
			children = (
				47584C3320E928EA00173F5F /* BNCSQLiteTableColumnProtocol.h */,
				47584C5B20E9CC5000173F5F /* BNCSQLiteTableColumn.h */,
				47584C5C20E9CC5000173F5F /* BNCSQLiteTableColumn.m */,
				476F906A20EB0C2400718E1E /* BNCSQLiteTableColumnIndexProtocol.h */,
				476F906C20EB0F7900718E1E /* BNCSQLiteTableColumnIndex.h */,
				476F906D20EB0F7900718E1E /* BNCSQLiteTableColumnIndex.m */,
			);
			path = Column;
			sourceTree = "<group>";
		};
		47584C5F20E9CF6700173F5F /* Core */ = {
			isa = PBXGroup;
			children = (
				47584C6020E9CF7A00173F5F /* BNCSQLiteCoreTest.m */,
			);
			path = Core;
			sourceTree = "<group>";
		};
		47584C6220E9D4A600173F5F /* Categories */ = {
			isa = PBXGroup;
			children = (
				47584C6B20E9FFF900173F5F /* NSString+BNCSQLiteSchema.h */,
				47584C6C20E9FFF900173F5F /* NSString+BNCSQLiteSchema.m */,
			);
			path = Categories;
			sourceTree = "<group>";
		};
		47584C6F20EA061600173F5F /* ORM */ = {
			isa = PBXGroup;
			children = (
				47F84F8620F353A6009C8BE5 /* Insert */,
				4765752E20EE18F500315CF3 /* Delete */,
				4765752D20EE18E800315CF3 /* Find */,
				47584C7020EA062300173F5F /* TestModel */,
			);
			path = ORM;
			sourceTree = "<group>";
		};
		47584C7020EA062300173F5F /* TestModel */ = {
			isa = PBXGroup;
			children = (
				47584C7320EA066300173F5F /* BNCSQLiteTestRecord.h */,
				47584C7420EA066300173F5F /* BNCSQLiteTestRecord.m */,
				47584C7620EA067D00173F5F /* BNCSQLiteTestTable.h */,
				47584C7720EA067E00173F5F /* BNCSQLiteTestTable.m */,
				47584C7920EA075E00173F5F /* BNCSQLiteTestDatabase.h */,
				47584C7A20EA075E00173F5F /* BNCSQLiteTestDatabase.m */,
			);
			path = TestModel;
			sourceTree = "<group>";
		};
		4765752D20EE18E800315CF3 /* Find */ = {
			isa = PBXGroup;
			children = (
				4765752B20EDF21700315CF3 /* BNCSQLiteORMFindWithConditionUnitTest.m */,
				47179F6A20EE574600D11C74 /* BNCSQLiteORMFindGeneralUnitTest.m */,
				47179F6C20EE593600D11C74 /* BNCSQLiteORMFindWithSingleConditionUnitTest.m */,
				47179F8620EF97D500D11C74 /* BNCSQLiteORMFindWithMulitConditionUnitTest.m */,
			);
			path = Find;
			sourceTree = "<group>";
		};
		4765752E20EE18F500315CF3 /* Delete */ = {
			isa = PBXGroup;
			children = (
				470595F220F4413F004C6543 /* BNCSQLiteORMDeleteUnitTest.m */,
			);
			path = Delete;
			sourceTree = "<group>";
		};
		476F908920EBAB8300718E1E /* Categories */ = {
			isa = PBXGroup;
			children = (
				476F908D20EBABA400718E1E /* Insert */,
				476F908C20EBAB9D00718E1E /* Delete */,
				476F908B20EBAB9700718E1E /* Update */,
				476F908A20EBAB8B00718E1E /* Find */,
			);
			path = Categories;
			sourceTree = "<group>";
		};
		476F908A20EBAB8B00718E1E /* Find */ = {
			isa = PBXGroup;
			children = (
				476F909A20EBAC0200718E1E /* BNCSQLiteTable+Find.h */,
				476F909B20EBAC0200718E1E /* BNCSQLiteTable+Find.m */,
			);
			path = Find;
			sourceTree = "<group>";
		};
		476F908B20EBAB9700718E1E /* Update */ = {
			isa = PBXGroup;
			children = (
				476F909620EBABF800718E1E /* BNCSQLiteTable+Update.h */,
				476F909720EBABF800718E1E /* BNCSQLiteTable+Update.m */,
			);
			path = Update;
			sourceTree = "<group>";
		};
		476F908C20EBAB9D00718E1E /* Delete */ = {
			isa = PBXGroup;
			children = (
				476F909220EBABEE00718E1E /* BNCSQLiteTable+Delete.h */,
				476F909320EBABEE00718E1E /* BNCSQLiteTable+Delete.m */,
			);
			path = Delete;
			sourceTree = "<group>";
		};
		476F908D20EBABA400718E1E /* Insert */ = {
			isa = PBXGroup;
			children = (
				476F908E20EBABC600718E1E /* BNCSQLiteTable+Insert.h */,
				476F908F20EBABC600718E1E /* BNCSQLiteTable+Insert.m */,
			);
			path = Insert;
			sourceTree = "<group>";
		};
		47F84F8620F353A6009C8BE5 /* Insert */ = {
			isa = PBXGroup;
			children = (
				47F84F8720F353BF009C8BE5 /* BNCSQLiteORMInsertUnitTest.m */,
			);
			path = Insert;
			sourceTree = "<group>";
		};
/* End PBXGroup section */

/* Begin PBXHeadersBuildPhase section */
		47584BF320E6817000173F5F /* Headers */ = {
			isa = PBXHeadersBuildPhase;
			buildActionMask = 2147483647;
			files = (
				47584C0720E6817000173F5F /* BNCSQLite.h in Headers */,
				47584C1520E6825400173F5F /* BNCSQLiteDatabase.h in Headers */,
				47584C1A20E8A32A00173F5F /* BNCSQLiteDatabaseStatement.h in Headers */,
				47584C3F20E9317700173F5F /* BNCSQLiteRecordProtocol.h in Headers */,
				47584C5820E9C0C500173F5F /* BNCSQLiteTable.h in Headers */,
				47584C3220E928D200173F5F /* BNCSQLiteTableProtocol.h in Headers */,
				47584C3020E9274600173F5F /* BNCSQLiteMigratorProtocol.h in Headers */,
				476F907F20EB69B100718E1E /* BNCSQLiteMigrationStepProtocol.h in Headers */,
				47584C2E20E926DE00173F5F /* BNCSQLiteDatabaseInfoProtocol.h in Headers */,
				47584C3720E9299B00173F5F /* BNCSQLiteDatabasePool.h in Headers */,
				476F907A20EB64D500718E1E /* BNCSQLiteDatabaseConfig+InfoProtocol.h in Headers */,
				476F908320EB757D00718E1E /* BNCSQLiteDatabaseConfig.h in Headers */,
				47584C5D20E9CC5000173F5F /* BNCSQLiteTableColumn.h in Headers */,
				476F906E20EB0F7900718E1E /* BNCSQLiteTableColumnIndex.h in Headers */,
				476F909420EBABEE00718E1E /* BNCSQLiteTable+Delete.h in Headers */,
				476F909820EBABF800718E1E /* BNCSQLiteTable+Update.h in Headers */,
				476F90A020EBBC0800718E1E /* BNCSQLiteRecord.h in Headers */,
				476F909020EBABC600718E1E /* BNCSQLiteTable+Insert.h in Headers */,
				476F909C20EBAC0200718E1E /* BNCSQLiteTable+Find.h in Headers */,
				47584C6D20E9FFF900173F5F /* NSString+BNCSQLiteSchema.h in Headers */,
				47584C3C20E92C1400173F5F /* BNCSQLiteSafeCache.h in Headers */,
				47584C3420E928EA00173F5F /* BNCSQLiteTableColumnProtocol.h in Headers */,
				476F906B20EB0C2400718E1E /* BNCSQLiteTableColumnIndexProtocol.h in Headers */,
				47584C2620E8EA7200173F5F /* BNCSQLiteDatabaseStatement+Take.h in Headers */,
				47584C2220E8EA6400173F5F /* BNCSQLiteDatabaseStatement+Bind.h in Headers */,
			);
			runOnlyForDeploymentPostprocessing = 0;
		};
/* End PBXHeadersBuildPhase section */

/* Begin PBXNativeTarget section */
		47584BF520E6817000173F5F /* BNCSQLite */ = {
			isa = PBXNativeTarget;
			buildConfigurationList = 47584C0A20E6817000173F5F /* Build configuration list for PBXNativeTarget "BNCSQLite" */;
			buildPhases = (
				47584BF120E6817000173F5F /* Sources */,
				47584BF220E6817000173F5F /* Frameworks */,
				47584BF320E6817000173F5F /* Headers */,
				47584BF420E6817000173F5F /* Resources */,
			);
			buildRules = (
			);
			dependencies = (
			);
			name = BNCSQLite;
			productName = BNCSQLite;
			productReference = 47584BF620E6817000173F5F /* BNCSQLite.framework */;
			productType = "com.apple.product-type.framework";
		};
		47584BFE20E6817000173F5F /* BNCSQLiteTests */ = {
			isa = PBXNativeTarget;
			buildConfigurationList = 47584C0D20E6817000173F5F /* Build configuration list for PBXNativeTarget "BNCSQLiteTests" */;
			buildPhases = (
				47584BFB20E6817000173F5F /* Sources */,
				47584BFC20E6817000173F5F /* Frameworks */,
				47584BFD20E6817000173F5F /* Resources */,
			);
			buildRules = (
			);
			dependencies = (
				47584C0220E6817000173F5F /* PBXTargetDependency */,
			);
			name = BNCSQLiteTests;
			productName = BNCSQLiteTests;
			productReference = 47584BFF20E6817000173F5F /* BNCSQLiteTests.xctest */;
			productType = "com.apple.product-type.bundle.unit-test";
		};
/* End PBXNativeTarget section */

/* Begin PBXProject section */
		47584BED20E6817000173F5F /* Project object */ = {
			isa = PBXProject;
			attributes = {
				LastUpgradeCheck = 0940;
				ORGANIZATIONNAME = "Karsa Wu";
				TargetAttributes = {
					47584BF520E6817000173F5F = {
						CreatedOnToolsVersion = 9.4.1;
					};
					47584BFE20E6817000173F5F = {
						CreatedOnToolsVersion = 9.4.1;
					};
				};
			};
			buildConfigurationList = 47584BF020E6817000173F5F /* Build configuration list for PBXProject "BNCSQLite" */;
			compatibilityVersion = "Xcode 9.3";
			developmentRegion = en;
			hasScannedForEncodings = 0;
			knownRegions = (
				en,
			);
			mainGroup = 47584BEC20E6817000173F5F;
			productRefGroup = 47584BF720E6817000173F5F /* Products */;
			projectDirPath = "";
			projectRoot = "";
			targets = (
				47584BF520E6817000173F5F /* BNCSQLite */,
				47584BFE20E6817000173F5F /* BNCSQLiteTests */,
			);
		};
/* End PBXProject section */

/* Begin PBXResourcesBuildPhase section */
		47584BF420E6817000173F5F /* Resources */ = {
			isa = PBXResourcesBuildPhase;
			buildActionMask = 2147483647;
			files = (
			);
			runOnlyForDeploymentPostprocessing = 0;
		};
		47584BFD20E6817000173F5F /* Resources */ = {
			isa = PBXResourcesBuildPhase;
			buildActionMask = 2147483647;
			files = (
			);
			runOnlyForDeploymentPostprocessing = 0;
		};
/* End PBXResourcesBuildPhase section */

/* Begin PBXSourcesBuildPhase section */
		47584BF120E6817000173F5F /* Sources */ = {
			isa = PBXSourcesBuildPhase;
			buildActionMask = 2147483647;
			files = (
				476F908220EB757D00718E1E /* BNCSQLiteDatabaseConfig.m in Sources */,
				47584C5920E9C0C500173F5F /* BNCSQLiteTable.m in Sources */,
				47584C1B20E8A32A00173F5F /* BNCSQLiteDatabaseStatement.m in Sources */,
				47584C2720E8EA7200173F5F /* BNCSQLiteDatabaseStatement+Take.m in Sources */,
				476F909920EBABF800718E1E /* BNCSQLiteTable+Update.m in Sources */,
				476F909120EBABC600718E1E /* BNCSQLiteTable+Insert.m in Sources */,
				47584C6E20E9FFF900173F5F /* NSString+BNCSQLiteSchema.m in Sources */,
				47584C1620E6825400173F5F /* BNCSQLiteDatabase.m in Sources */,
				476F909520EBABEE00718E1E /* BNCSQLiteTable+Delete.m in Sources */,
				476F909D20EBAC0200718E1E /* BNCSQLiteTable+Find.m in Sources */,
				47584C5E20E9CC5000173F5F /* BNCSQLiteTableColumn.m in Sources */,
				476F907B20EB64D500718E1E /* BNCSQLiteDatabaseConfig+InfoProtocol.m in Sources */,
				47584C3820E9299B00173F5F /* BNCSQLiteDatabasePool.m in Sources */,
				47584C2320E8EA6400173F5F /* BNCSQLiteDatabaseStatement+Bind.m in Sources */,
				476F90A120EBBC0800718E1E /* BNCSQLiteRecord.m in Sources */,
				47584C3D20E92C1400173F5F /* BNCSQLiteSafeCache.m in Sources */,
				476F906F20EB0F7900718E1E /* BNCSQLiteTableColumnIndex.m in Sources */,
			);
			runOnlyForDeploymentPostprocessing = 0;
		};
		47584BFB20E6817000173F5F /* Sources */ = {
			isa = PBXSourcesBuildPhase;
			buildActionMask = 2147483647;
			files = (
				47179F6B20EE574600D11C74 /* BNCSQLiteORMFindGeneralUnitTest.m in Sources */,
				470595F320F4413F004C6543 /* BNCSQLiteORMDeleteUnitTest.m in Sources */,
				47179F8720EF97D500D11C74 /* BNCSQLiteORMFindWithMulitConditionUnitTest.m in Sources */,
				47584C7B20EA075E00173F5F /* BNCSQLiteTestDatabase.m in Sources */,
				47584C7520EA066300173F5F /* BNCSQLiteTestRecord.m in Sources */,
				47584C6120E9CF7A00173F5F /* BNCSQLiteCoreTest.m in Sources */,
				47F84F8820F353BF009C8BE5 /* BNCSQLiteORMInsertUnitTest.m in Sources */,
				47179F6D20EE593600D11C74 /* BNCSQLiteORMFindWithSingleConditionUnitTest.m in Sources */,
				4765752C20EDF21700315CF3 /* BNCSQLiteORMFindWithConditionUnitTest.m in Sources */,
				47584C7820EA067E00173F5F /* BNCSQLiteTestTable.m in Sources */,
			);
			runOnlyForDeploymentPostprocessing = 0;
		};
/* End PBXSourcesBuildPhase section */

/* Begin PBXTargetDependency section */
		47584C0220E6817000173F5F /* PBXTargetDependency */ = {
			isa = PBXTargetDependency;
			target = 47584BF520E6817000173F5F /* BNCSQLite */;
			targetProxy = 47584C0120E6817000173F5F /* PBXContainerItemProxy */;
		};
/* End PBXTargetDependency section */

/* Begin XCBuildConfiguration section */
		47584C0820E6817000173F5F /* Debug */ = {
			isa = XCBuildConfiguration;
			buildSettings = {
				ALWAYS_SEARCH_USER_PATHS = NO;
				CLANG_ANALYZER_NONNULL = YES;
				CLANG_ANALYZER_NUMBER_OBJECT_CONVERSION = YES_AGGRESSIVE;
				CLANG_CXX_LANGUAGE_STANDARD = "gnu++14";
				CLANG_CXX_LIBRARY = "libc++";
				CLANG_ENABLE_MODULES = YES;
				CLANG_ENABLE_OBJC_ARC = YES;
				CLANG_ENABLE_OBJC_WEAK = YES;
				CLANG_WARN_BLOCK_CAPTURE_AUTORELEASING = YES;
				CLANG_WARN_BOOL_CONVERSION = YES;
				CLANG_WARN_COMMA = YES;
				CLANG_WARN_CONSTANT_CONVERSION = YES;
				CLANG_WARN_DEPRECATED_OBJC_IMPLEMENTATIONS = YES;
				CLANG_WARN_DIRECT_OBJC_ISA_USAGE = YES_ERROR;
				CLANG_WARN_DOCUMENTATION_COMMENTS = YES;
				CLANG_WARN_EMPTY_BODY = YES;
				CLANG_WARN_ENUM_CONVERSION = YES;
				CLANG_WARN_INFINITE_RECURSION = YES;
				CLANG_WARN_INT_CONVERSION = YES;
				CLANG_WARN_NON_LITERAL_NULL_CONVERSION = YES;
				CLANG_WARN_OBJC_IMPLICIT_RETAIN_SELF = YES;
				CLANG_WARN_OBJC_LITERAL_CONVERSION = YES;
				CLANG_WARN_OBJC_ROOT_CLASS = YES_ERROR;
				CLANG_WARN_RANGE_LOOP_ANALYSIS = YES;
				CLANG_WARN_STRICT_PROTOTYPES = YES;
				CLANG_WARN_SUSPICIOUS_MOVE = YES;
				CLANG_WARN_UNGUARDED_AVAILABILITY = YES_AGGRESSIVE;
				CLANG_WARN_UNREACHABLE_CODE = YES;
				CLANG_WARN__DUPLICATE_METHOD_MATCH = YES;
				CODE_SIGN_IDENTITY = "iPhone Developer";
				COPY_PHASE_STRIP = NO;
				CURRENT_PROJECT_VERSION = 1;
				DEBUG_INFORMATION_FORMAT = dwarf;
				ENABLE_STRICT_OBJC_MSGSEND = YES;
				ENABLE_TESTABILITY = YES;
				GCC_C_LANGUAGE_STANDARD = gnu11;
				GCC_DYNAMIC_NO_PIC = NO;
				GCC_NO_COMMON_BLOCKS = YES;
				GCC_OPTIMIZATION_LEVEL = 0;
				GCC_PREPROCESSOR_DEFINITIONS = (
					"DEBUG=1",
					"$(inherited)",
				);
				GCC_WARN_64_TO_32_BIT_CONVERSION = YES;
				GCC_WARN_ABOUT_RETURN_TYPE = YES_ERROR;
				GCC_WARN_UNDECLARED_SELECTOR = YES;
				GCC_WARN_UNINITIALIZED_AUTOS = YES_AGGRESSIVE;
				GCC_WARN_UNUSED_FUNCTION = YES;
				GCC_WARN_UNUSED_VARIABLE = YES;
				IPHONEOS_DEPLOYMENT_TARGET = 11.4;
				MTL_ENABLE_DEBUG_INFO = YES;
				ONLY_ACTIVE_ARCH = YES;
				SDKROOT = iphoneos;
				VERSIONING_SYSTEM = "apple-generic";
				VERSION_INFO_PREFIX = "";
			};
			name = Debug;
		};
		47584C0920E6817000173F5F /* Release */ = {
			isa = XCBuildConfiguration;
			buildSettings = {
				ALWAYS_SEARCH_USER_PATHS = NO;
				CLANG_ANALYZER_NONNULL = YES;
				CLANG_ANALYZER_NUMBER_OBJECT_CONVERSION = YES_AGGRESSIVE;
				CLANG_CXX_LANGUAGE_STANDARD = "gnu++14";
				CLANG_CXX_LIBRARY = "libc++";
				CLANG_ENABLE_MODULES = YES;
				CLANG_ENABLE_OBJC_ARC = YES;
				CLANG_ENABLE_OBJC_WEAK = YES;
				CLANG_WARN_BLOCK_CAPTURE_AUTORELEASING = YES;
				CLANG_WARN_BOOL_CONVERSION = YES;
				CLANG_WARN_COMMA = YES;
				CLANG_WARN_CONSTANT_CONVERSION = YES;
				CLANG_WARN_DEPRECATED_OBJC_IMPLEMENTATIONS = YES;
				CLANG_WARN_DIRECT_OBJC_ISA_USAGE = YES_ERROR;
				CLANG_WARN_DOCUMENTATION_COMMENTS = YES;
				CLANG_WARN_EMPTY_BODY = YES;
				CLANG_WARN_ENUM_CONVERSION = YES;
				CLANG_WARN_INFINITE_RECURSION = YES;
				CLANG_WARN_INT_CONVERSION = YES;
				CLANG_WARN_NON_LITERAL_NULL_CONVERSION = YES;
				CLANG_WARN_OBJC_IMPLICIT_RETAIN_SELF = YES;
				CLANG_WARN_OBJC_LITERAL_CONVERSION = YES;
				CLANG_WARN_OBJC_ROOT_CLASS = YES_ERROR;
				CLANG_WARN_RANGE_LOOP_ANALYSIS = YES;
				CLANG_WARN_STRICT_PROTOTYPES = YES;
				CLANG_WARN_SUSPICIOUS_MOVE = YES;
				CLANG_WARN_UNGUARDED_AVAILABILITY = YES_AGGRESSIVE;
				CLANG_WARN_UNREACHABLE_CODE = YES;
				CLANG_WARN__DUPLICATE_METHOD_MATCH = YES;
				CODE_SIGN_IDENTITY = "iPhone Developer";
				COPY_PHASE_STRIP = NO;
				CURRENT_PROJECT_VERSION = 1;
				DEBUG_INFORMATION_FORMAT = "dwarf-with-dsym";
				ENABLE_NS_ASSERTIONS = NO;
				ENABLE_STRICT_OBJC_MSGSEND = YES;
				GCC_C_LANGUAGE_STANDARD = gnu11;
				GCC_NO_COMMON_BLOCKS = YES;
				GCC_WARN_64_TO_32_BIT_CONVERSION = YES;
				GCC_WARN_ABOUT_RETURN_TYPE = YES_ERROR;
				GCC_WARN_UNDECLARED_SELECTOR = YES;
				GCC_WARN_UNINITIALIZED_AUTOS = YES_AGGRESSIVE;
				GCC_WARN_UNUSED_FUNCTION = YES;
				GCC_WARN_UNUSED_VARIABLE = YES;
				IPHONEOS_DEPLOYMENT_TARGET = 11.4;
				MTL_ENABLE_DEBUG_INFO = NO;
				SDKROOT = iphoneos;
				VALIDATE_PRODUCT = YES;
				VERSIONING_SYSTEM = "apple-generic";
				VERSION_INFO_PREFIX = "";
			};
			name = Release;
		};
		47584C0B20E6817000173F5F /* Debug */ = {
			isa = XCBuildConfiguration;
			buildSettings = {
				CODE_SIGN_IDENTITY = "";
				CODE_SIGN_STYLE = Automatic;
				DEFINES_MODULE = YES;
				DEVELOPMENT_TEAM = 58GTYMQJRP;
				DYLIB_COMPATIBILITY_VERSION = 1;
				DYLIB_CURRENT_VERSION = 1;
				DYLIB_INSTALL_NAME_BASE = "@rpath";
				INFOPLIST_FILE = BNCSQLite/Info.plist;
				INSTALL_PATH = "$(LOCAL_LIBRARY_DIR)/Frameworks";
				LD_RUNPATH_SEARCH_PATHS = (
					"$(inherited)",
					"@executable_path/Frameworks",
					"@loader_path/Frameworks",
				);
				PRODUCT_BUNDLE_IDENTIFIER = com.bignerdcoding.debug.BNCSQLite;
				PRODUCT_NAME = "$(TARGET_NAME:c99extidentifier)";
				SKIP_INSTALL = YES;
				TARGETED_DEVICE_FAMILY = "1,2";
			};
			name = Debug;
		};
		47584C0C20E6817000173F5F /* Release */ = {
			isa = XCBuildConfiguration;
			buildSettings = {
				CODE_SIGN_IDENTITY = "";
				CODE_SIGN_STYLE = Automatic;
				DEFINES_MODULE = YES;
				DEVELOPMENT_TEAM = 58GTYMQJRP;
				DYLIB_COMPATIBILITY_VERSION = 1;
				DYLIB_CURRENT_VERSION = 1;
				DYLIB_INSTALL_NAME_BASE = "@rpath";
				INFOPLIST_FILE = BNCSQLite/Info.plist;
				INSTALL_PATH = "$(LOCAL_LIBRARY_DIR)/Frameworks";
				LD_RUNPATH_SEARCH_PATHS = (
					"$(inherited)",
					"@executable_path/Frameworks",
					"@loader_path/Frameworks",
				);
				PRODUCT_BUNDLE_IDENTIFIER = com.bignerdcoding.debug.BNCSQLite;
				PRODUCT_NAME = "$(TARGET_NAME:c99extidentifier)";
				SKIP_INSTALL = YES;
				TARGETED_DEVICE_FAMILY = "1,2";
			};
			name = Release;
		};
		47584C0E20E6817000173F5F /* Debug */ = {
			isa = XCBuildConfiguration;
			buildSettings = {
				CODE_SIGN_STYLE = Automatic;
				DEVELOPMENT_TEAM = 58GTYMQJRP;
				INFOPLIST_FILE = BNCSQLiteTests/Info.plist;
				LD_RUNPATH_SEARCH_PATHS = (
					"$(inherited)",
					"@executable_path/Frameworks",
					"@loader_path/Frameworks",
				);
				PRODUCT_BUNDLE_IDENTIFIER = com.bignerdcoding.debug.BNCSQLiteTests;
				PRODUCT_NAME = "$(TARGET_NAME)";
				TARGETED_DEVICE_FAMILY = "1,2";
			};
			name = Debug;
		};
		47584C0F20E6817000173F5F /* Release */ = {
			isa = XCBuildConfiguration;
			buildSettings = {
				CODE_SIGN_STYLE = Automatic;
				DEVELOPMENT_TEAM = 58GTYMQJRP;
				INFOPLIST_FILE = BNCSQLiteTests/Info.plist;
				LD_RUNPATH_SEARCH_PATHS = (
					"$(inherited)",
					"@executable_path/Frameworks",
					"@loader_path/Frameworks",
				);
				PRODUCT_BUNDLE_IDENTIFIER = com.bignerdcoding.debug.BNCSQLiteTests;
				PRODUCT_NAME = "$(TARGET_NAME)";
				TARGETED_DEVICE_FAMILY = "1,2";
			};
			name = Release;
		};
/* End XCBuildConfiguration section */

/* Begin XCConfigurationList section */
		47584BF020E6817000173F5F /* Build configuration list for PBXProject "BNCSQLite" */ = {
			isa = XCConfigurationList;
			buildConfigurations = (
				47584C0820E6817000173F5F /* Debug */,
				47584C0920E6817000173F5F /* Release */,
			);
			defaultConfigurationIsVisible = 0;
			defaultConfigurationName = Release;
		};
		47584C0A20E6817000173F5F /* Build configuration list for PBXNativeTarget "BNCSQLite" */ = {
			isa = XCConfigurationList;
			buildConfigurations = (
				47584C0B20E6817000173F5F /* Debug */,
				47584C0C20E6817000173F5F /* Release */,
			);
			defaultConfigurationIsVisible = 0;
			defaultConfigurationName = Release;
		};
		47584C0D20E6817000173F5F /* Build configuration list for PBXNativeTarget "BNCSQLiteTests" */ = {
			isa = XCConfigurationList;
			buildConfigurations = (
				47584C0E20E6817000173F5F /* Debug */,
				47584C0F20E6817000173F5F /* Release */,
			);
			defaultConfigurationIsVisible = 0;
			defaultConfigurationName = Release;
		};
/* End XCConfigurationList section */
	};
	rootObject = 47584BED20E6817000173F5F /* Project object */;
}
